
Microsoft Visual Studio Solution File, Format Version 12.00
# Visual Studio Version 16
VisualStudioVersion = 16.0.30011.22
MinimumVisualStudioVersion = 10.0.40219.1
Project("{9A19103F-16F7-4668-BE54-9A1E7A4F7556}") = "OdeToFood", "odetofood\OdeToFood.csproj", "{854B0EC8-E541-4558-A0C3-6B90EE200AD7}"
EndProject
Project("{9A19103F-16F7-4668-BE54-9A1E7A4F7556}") = "OdeToFood.Core", "OdeToFood.Core\OdeToFood.Core.csproj", "{C71B87EA-6D98-49FF-892B-F109A9758110}"
EndProject
Project("{9A19103F-16F7-4668-BE54-9A1E7A4F7556}") = "OdeToFood.Data", "OdeToFood.Data\OdeToFood.Data.csproj", "{01C6117E-8F25-4AB7-8FE2-3DD3C10394BC}"
EndProject
Global
	GlobalSection(SolutionConfigurationPlatforms) = preSolution
		Debug|Any CPU = Debug|Any CPU
		Release|Any CPU = Release|Any CPU
	EndGlobalSection
	GlobalSection(ProjectConfigurationPlatforms) = postSolution
		{854B0EC8-E541-4558-A0C3-6B90EE200AD7}.Debug|Any CPU.ActiveCfg = Debug|Any CPU
		{854B0EC8-E541-4558-A0C3-6B90EE200AD7}.Debug|Any CPU.Build.0 = Debug|Any CPU
		{854B0EC8-E541-4558-A0C3-6B90EE200AD7}.Release|Any CPU.ActiveCfg = Release|Any CPU
		{854B0EC8-E541-4558-A0C3-6B90EE200AD7}.Release|Any CPU.Build.0 = Release|Any CPU
		{C71B87EA-6D98-49FF-892B-F109A9758110}.Debug|Any CPU.ActiveCfg = Debug|Any CPU
		{C71B87EA-6D98-49FF-892B-F109A9758110}.Debug|Any CPU.Build.0 = Debug|Any CPU
		{C71B87EA-6D98-49FF-892B-F109A9758110}.Release|Any CPU.ActiveCfg = Release|Any CPU
		{C71B87EA-6D98-49FF-892B-F109A9758110}.Release|Any CPU.Build.0 = Release|Any CPU
		{01C6117E-8F25-4AB7-8FE2-3DD3C10394BC}.Debug|Any CPU.ActiveCfg = Debug|Any CPU
		{01C6117E-8F25-4AB7-8FE2-3DD3C10394BC}.Debug|Any CPU.Build.0 = Debug|Any CPU
		{01C6117E-8F25-4AB7-8FE2-3DD3C10394BC}.Release|Any CPU.ActiveCfg = Release|Any CPU
		{01C6117E-8F25-4AB7-8FE2-3DD3C10394BC}.Release|Any CPU.Build.0 = Release|Any CPU
	EndGlobalSection
	GlobalSection(SolutionProperties) = preSolution
		HideSolutionNode = FALSE
	EndGlobalSection
	GlobalSection(ExtensibilityGlobals) = postSolution
		SolutionGuid = {3452B0C4-B487-4995-95F6-E0FB336EF977}
	EndGlobalSection
EndGlobal
